
Microsoft Visual Studio Solution File, Format Version 12.00
# Visual Studio Version 16
VisualStudioVersion = 16.0.31702.278
MinimumVisualStudioVersion = 10.0.40219.1
Project("{FAE04EC0-301F-11D3-BF4B-00C04F79EFBC}") = "STranslate", "STranslate\STranslate.csproj", "{2597B480-185C-4D6D-94EC-8641BB6777F5}"
EndProject
Global
	GlobalSection(SolutionConfigurationPlatforms) = preSolution
		Debug|Any CPU = Debug|Any CPU
		Release|Any CPU = Release|Any CPU
	EndGlobalSection
	GlobalSection(ProjectConfigurationPlatforms) = postSolution
		{2597B480-185C-4D6D-94EC-8641BB6777F5}.Debug|Any CPU.ActiveCfg = Debug|Any CPU
		{2597B480-185C-4D6D-94EC-8641BB6777F5}.Debug|Any CPU.Build.0 = Debug|Any CPU
		{2597B480-185C-4D6D-94EC-8641BB6777F5}.Release|Any CPU.ActiveCfg = Release|Any CPU
		{2597B480-185C-4D6D-94EC-8641BB6777F5}.Release|Any CPU.Build.0 = Release|Any CPU
	EndGlobalSection
	GlobalSection(SolutionProperties) = preSolution
		HideSolutionNode = FALSE
	EndGlobalSection
	GlobalSection(ExtensibilityGlobals) = postSolution
		SolutionGuid = {F3CF0068-36FA-46E7-9975-3E633E2406C8}
	EndGlobalSection
EndGlobal
